// !$*UTF8*$!
{
	archiveVersion = 1;
	classes = {
	};
	objectVersion = 77;
	objects = {

/* Begin PBXBuildFile section */
		C99A4CB92D8CD10D00DA94CF /* Alamofire in Frameworks */ = {isa = PBXBuildFile; productRef = C99A4CB82D8CD10D00DA94CF /* Alamofire */; };
		C99A4CBE2D8CD19D00DA94CF /* SnapKit in Frameworks */ = {isa = PBXBuildFile; productRef = C99A4CBD2D8CD19D00DA94CF /* SnapKit */; };
/* End PBXBuildFile section */

/* Begin PBXContainerItemProxy section */
		C99A4C6C2D8CC29600DA94CF /* PBXContainerItemProxy */ = {
			isa = PBXContainerItemProxy;
			containerPortal = C99A4C4D2D8CC29400DA94CF /* Project object */;
			proxyType = 1;
			remoteGlobalIDString = C99A4C542D8CC29400DA94CF;
			remoteInfo = ShoppingCart;
		};
		C99A4C762D8CC29600DA94CF /* PBXContainerItemProxy */ = {
			isa = PBXContainerItemProxy;
			containerPortal = C99A4C4D2D8CC29400DA94CF /* Project object */;
			proxyType = 1;
			remoteGlobalIDString = C99A4C542D8CC29400DA94CF;
			remoteInfo = ShoppingCart;
		};
/* End PBXContainerItemProxy section */

/* Begin PBXFileReference section */
		C99A4C552D8CC29400DA94CF /* ShoppingCart.app */ = {isa = PBXFileReference; explicitFileType = wrapper.application; includeInIndex = 0; path = ShoppingCart.app; sourceTree = BUILT_PRODUCTS_DIR; };
		C99A4C6B2D8CC29600DA94CF /* ShoppingCartTests.xctest */ = {isa = PBXFileReference; explicitFileType = wrapper.cfbundle; includeInIndex = 0; path = ShoppingCartTests.xctest; sourceTree = BUILT_PRODUCTS_DIR; };
		C99A4C752D8CC29600DA94CF /* ShoppingCartUITests.xctest */ = {isa = PBXFileReference; explicitFileType = wrapper.cfbundle; includeInIndex = 0; path = ShoppingCartUITests.xctest; sourceTree = BUILT_PRODUCTS_DIR; };
/* End PBXFileReference section */

/* Begin PBXFileSystemSynchronizedBuildFileExceptionSet section */
		C99A4C7D2D8CC29600DA94CF /* Exceptions for "ShoppingCart" folder in "ShoppingCart" target */ = {
			isa = PBXFileSystemSynchronizedBuildFileExceptionSet;
			membershipExceptions = (
				Info.plist,
			);
			target = C99A4C542D8CC29400DA94CF /* ShoppingCart */;
		};
/* End PBXFileSystemSynchronizedBuildFileExceptionSet section */

/* Begin PBXFileSystemSynchronizedRootGroup section */
		C99A4C572D8CC29400DA94CF /* ShoppingCart */ = {
			isa = PBXFileSystemSynchronizedRootGroup;
			exceptions = (
				C99A4C7D2D8CC29600DA94CF /* Exceptions for "ShoppingCart" folder in "ShoppingCart" target */,
			);
			path = ShoppingCart;
			sourceTree = "<group>";
		};
		C99A4C6E2D8CC29600DA94CF /* ShoppingCartTests */ = {
			isa = PBXFileSystemSynchronizedRootGroup;
			path = ShoppingCartTests;
			sourceTree = "<group>";
		};
		C99A4C782D8CC29600DA94CF /* ShoppingCartUITests */ = {
			isa = PBXFileSystemSynchronizedRootGroup;
			path = ShoppingCartUITests;
			sourceTree = "<group>";
		};
/* End PBXFileSystemSynchronizedRootGroup section */

/* Begin PBXFrameworksBuildPhase section */
		C99A4C522D8CC29400DA94CF /* Frameworks */ = {
			isa = PBXFrameworksBuildPhase;
			buildActionMask = 2147483647;
			files = (
				C99A4CB92D8CD10D00DA94CF /* Alamofire in Frameworks */,
				C99A4CBE2D8CD19D00DA94CF /* SnapKit in Frameworks */,
			);
			runOnlyForDeploymentPostprocessing = 0;
		};
		C99A4C682D8CC29600DA94CF /* Frameworks */ = {
			isa = PBXFrameworksBuildPhase;
			buildActionMask = 2147483647;
			files = (
			);
			runOnlyForDeploymentPostprocessing = 0;
		};
		C99A4C722D8CC29600DA94CF /* Frameworks */ = {
			isa = PBXFrameworksBuildPhase;
			buildActionMask = 2147483647;
			files = (
			);
			runOnlyForDeploymentPostprocessing = 0;
		};
/* End PBXFrameworksBuildPhase section */

/* Begin PBXGroup section */
		C99A4C4C2D8CC29400DA94CF = {
			isa = PBXGroup;
			children = (
				C99A4C572D8CC29400DA94CF /* ShoppingCart */,
				C99A4C6E2D8CC29600DA94CF /* ShoppingCartTests */,
				C99A4C782D8CC29600DA94CF /* ShoppingCartUITests */,
				C99A4C562D8CC29400DA94CF /* Products */,
			);
			sourceTree = "<group>";
		};
		C99A4C562D8CC29400DA94CF /* Products */ = {
			isa = PBXGroup;
			children = (
				C99A4C552D8CC29400DA94CF /* ShoppingCart.app */,
				C99A4C6B2D8CC29600DA94CF /* ShoppingCartTests.xctest */,
				C99A4C752D8CC29600DA94CF /* ShoppingCartUITests.xctest */,
			);
			name = Products;
			sourceTree = "<group>";
		};
/* End PBXGroup section */

/* Begin PBXNativeTarget section */
		C99A4C542D8CC29400DA94CF /* ShoppingCart */ = {
			isa = PBXNativeTarget;
			buildConfigurationList = C99A4C7E2D8CC29600DA94CF /* Build configuration list for PBXNativeTarget "ShoppingCart" */;
			buildPhases = (
				C99A4C512D8CC29400DA94CF /* Sources */,
				C99A4C522D8CC29400DA94CF /* Frameworks */,
				C99A4C532D8CC29400DA94CF /* Resources */,
			);
			buildRules = (
			);
			dependencies = (
			);
			fileSystemSynchronizedGroups = (
				C99A4C572D8CC29400DA94CF /* ShoppingCart */,
			);
			name = ShoppingCart;
			packageProductDependencies = (
				C99A4CB82D8CD10D00DA94CF /* Alamofire */,
				C99A4CBD2D8CD19D00DA94CF /* SnapKit */,
			);
			productName = ShoppingCart;
			productReference = C99A4C552D8CC29400DA94CF /* ShoppingCart.app */;
			productType = "com.apple.product-type.application";
		};
		C99A4C6A2D8CC29600DA94CF /* ShoppingCartTests */ = {
			isa = PBXNativeTarget;
			buildConfigurationList = C99A4C832D8CC29600DA94CF /* Build configuration list for PBXNativeTarget "ShoppingCartTests" */;
			buildPhases = (
				C99A4C672D8CC29600DA94CF /* Sources */,
				C99A4C682D8CC29600DA94CF /* Frameworks */,
				C99A4C692D8CC29600DA94CF /* Resources */,
			);
			buildRules = (
			);
			dependencies = (
				C99A4C6D2D8CC29600DA94CF /* PBXTargetDependency */,
			);
			fileSystemSynchronizedGroups = (
				C99A4C6E2D8CC29600DA94CF /* ShoppingCartTests */,
			);
			name = ShoppingCartTests;
			packageProductDependencies = (
			);
			productName = ShoppingCartTests;
			productReference = C99A4C6B2D8CC29600DA94CF /* ShoppingCartTests.xctest */;
			productType = "com.apple.product-type.bundle.unit-test";
		};
		C99A4C742D8CC29600DA94CF /* ShoppingCartUITests */ = {
			isa = PBXNativeTarget;
			buildConfigurationList = C99A4C862D8CC29600DA94CF /* Build configuration list for PBXNativeTarget "ShoppingCartUITests" */;
			buildPhases = (
				C99A4C712D8CC29600DA94CF /* Sources */,
				C99A4C722D8CC29600DA94CF /* Frameworks */,
				C99A4C732D8CC29600DA94CF /* Resources */,
			);
			buildRules = (
			);
			dependencies = (
				C99A4C772D8CC29600DA94CF /* PBXTargetDependency */,
			);
			fileSystemSynchronizedGroups = (
				C99A4C782D8CC29600DA94CF /* ShoppingCartUITests */,
			);
			name = ShoppingCartUITests;
			packageProductDependencies = (
			);
			productName = ShoppingCartUITests;
			productReference = C99A4C752D8CC29600DA94CF /* ShoppingCartUITests.xctest */;
			productType = "com.apple.product-type.bundle.ui-testing";
		};
/* End PBXNativeTarget section */

/* Begin PBXProject section */
		C99A4C4D2D8CC29400DA94CF /* Project object */ = {
			isa = PBXProject;
			attributes = {
				BuildIndependentTargetsInParallel = 1;
				LastSwiftUpdateCheck = 1620;
				LastUpgradeCheck = 1620;
				TargetAttributes = {
					C99A4C542D8CC29400DA94CF = {
						CreatedOnToolsVersion = 16.2;
					};
					C99A4C6A2D8CC29600DA94CF = {
						CreatedOnToolsVersion = 16.2;
						TestTargetID = C99A4C542D8CC29400DA94CF;
					};
					C99A4C742D8CC29600DA94CF = {
						CreatedOnToolsVersion = 16.2;
						TestTargetID = C99A4C542D8CC29400DA94CF;
					};
				};
			};
			buildConfigurationList = C99A4C502D8CC29400DA94CF /* Build configuration list for PBXProject "ShoppingCart" */;
			developmentRegion = en;
			hasScannedForEncodings = 0;
			knownRegions = (
				en,
				Base,
			);
			mainGroup = C99A4C4C2D8CC29400DA94CF;
			minimizedProjectReferenceProxies = 1;
			packageReferences = (
				C99A4CB72D8CD10D00DA94CF /* XCRemoteSwiftPackageReference "Alamofire" */,
				C99A4CBC2D8CD19D00DA94CF /* XCRemoteSwiftPackageReference "SnapKit" */,
			);
			preferredProjectObjectVersion = 77;
			productRefGroup = C99A4C562D8CC29400DA94CF /* Products */;
			projectDirPath = "";
			projectRoot = "";
			targets = (
				C99A4C542D8CC29400DA94CF /* ShoppingCart */,
				C99A4C6A2D8CC29600DA94CF /* ShoppingCartTests */,
				C99A4C742D8CC29600DA94CF /* ShoppingCartUITests */,
			);
		};
/* End PBXProject section */

/* Begin PBXResourcesBuildPhase section */
		C99A4C532D8CC29400DA94CF /* Resources */ = {
			isa = PBXResourcesBuildPhase;
			buildActionMask = 2147483647;
			files = (
			);
			runOnlyForDeploymentPostprocessing = 0;
		};
		C99A4C692D8CC29600DA94CF /* Resources */ = {
			isa = PBXResourcesBuildPhase;
			buildActionMask = 2147483647;
			files = (
			);
			runOnlyForDeploymentPostprocessing = 0;
		};
		C99A4C732D8CC29600DA94CF /* Resources */ = {
			isa = PBXResourcesBuildPhase;
			buildActionMask = 2147483647;
			files = (
			);
			runOnlyForDeploymentPostprocessing = 0;
		};
/* End PBXResourcesBuildPhase section */

/* Begin PBXSourcesBuildPhase section */
		C99A4C512D8CC29400DA94CF /* Sources */ = {
			isa = PBXSourcesBuildPhase;
			buildActionMask = 2147483647;
			files = (
			);
			runOnlyForDeploymentPostprocessing = 0;
		};
		C99A4C672D8CC29600DA94CF /* Sources */ = {
			isa = PBXSourcesBuildPhase;
			buildActionMask = 2147483647;
			files = (
			);
			runOnlyForDeploymentPostprocessing = 0;
		};
		C99A4C712D8CC29600DA94CF /* Sources */ = {
			isa = PBXSourcesBuildPhase;
			buildActionMask = 2147483647;
			files = (
			);
			runOnlyForDeploymentPostprocessing = 0;
		};
/* End PBXSourcesBuildPhase section */

/* Begin PBXTargetDependency section */
		C99A4C6D2D8CC29600DA94CF /* PBXTargetDependency */ = {
			isa = PBXTargetDependency;
			target = C99A4C542D8CC29400DA94CF /* ShoppingCart */;
			targetProxy = C99A4C6C2D8CC29600DA94CF /* PBXContainerItemProxy */;
		};
		C99A4C772D8CC29600DA94CF /* PBXTargetDependency */ = {
			isa = PBXTargetDependency;
			target = C99A4C542D8CC29400DA94CF /* ShoppingCart */;
			targetProxy = C99A4C762D8CC29600DA94CF /* PBXContainerItemProxy */;
		};
/* End PBXTargetDependency section */

/* Begin XCBuildConfiguration section */
		C99A4C7F2D8CC29600DA94CF /* Debug */ = {
			isa = XCBuildConfiguration;
			buildSettings = {
				ASSETCATALOG_COMPILER_APPICON_NAME = AppIcon;
				ASSETCATALOG_COMPILER_GLOBAL_ACCENT_COLOR_NAME = AccentColor;
				CODE_SIGN_STYLE = Automatic;
				CURRENT_PROJECT_VERSION = 1;
				DEVELOPMENT_TEAM = M3S4J75265;
				GENERATE_INFOPLIST_FILE = YES;
				INFOPLIST_FILE = ShoppingCart/Info.plist;
				INFOPLIST_KEY_UIApplicationSupportsIndirectInputEvents = YES;
				INFOPLIST_KEY_UILaunchStoryboardName = LaunchScreen;
				INFOPLIST_KEY_UISupportedInterfaceOrientations_iPad = "UIInterfaceOrientationPortrait UIInterfaceOrientationPortraitUpsideDown UIInterfaceOrientationLandscapeLeft UIInterfaceOrientationLandscapeRight";
				INFOPLIST_KEY_UISupportedInterfaceOrientations_iPhone = "UIInterfaceOrientationPortrait UIInterfaceOrientationLandscapeLeft UIInterfaceOrientationLandscapeRight";
				IPHONEOS_DEPLOYMENT_TARGET = 18.0;
				LD_RUNPATH_SEARCH_PATHS = (
					"$(inherited)",
					"@executable_path/Frameworks",
				);
				MARKETING_VERSION = 1.0;
				PRODUCT_BUNDLE_IDENTIFIER = com.capitan.ShoppingCart.ShoppingCart;
				PRODUCT_NAME = "$(TARGET_NAME)";
				SWIFT_EMIT_LOC_STRINGS = YES;
				SWIFT_VERSION = 5.0;
				TARGETED_DEVICE_FAMILY = "1,2";
			};
			name = Debug;
		};
		C99A4C802D8CC29600DA94CF /* Release */ = {
			isa = XCBuildConfiguration;
			buildSettings = {
				ASSETCATALOG_COMPILER_APPICON_NAME = AppIcon;
				ASSETCATALOG_COMPILER_GLOBAL_ACCENT_COLOR_NAME = AccentColor;
				CODE_SIGN_STYLE = Automatic;
				CURRENT_PROJECT_VERSION = 1;
				DEVELOPMENT_TEAM = M3S4J75265;
				GENERATE_INFOPLIST_FILE = YES;
				INFOPLIST_FILE = ShoppingCart/Info.plist;
				INFOPLIST_KEY_UIApplicationSupportsIndirectInputEvents = YES;
				INFOPLIST_KEY_UILaunchStoryboardName = LaunchScreen;
				INFOPLIST_KEY_UISupportedInterfaceOrientations_iPad = "UIInterfaceOrientationPortrait UIInterfaceOrientationPortraitUpsideDown UIInterfaceOrientationLandscapeLeft UIInterfaceOrientationLandscapeRight";
				INFOPLIST_KEY_UISupportedInterfaceOrientations_iPhone = "UIInterfaceOrientationPortrait UIInterfaceOrientationLandscapeLeft UIInterfaceOrientationLandscapeRight";
				IPHONEOS_DEPLOYMENT_TARGET = 18.0;
				LD_RUNPATH_SEARCH_PATHS = (
					"$(inherited)",
					"@executable_path/Frameworks",
				);
				MARKETING_VERSION = 1.0;
				PRODUCT_BUNDLE_IDENTIFIER = com.capitan.ShoppingCart.ShoppingCart;
				PRODUCT_NAME = "$(TARGET_NAME)";
				SWIFT_EMIT_LOC_STRINGS = YES;
				SWIFT_VERSION = 5.0;
				TARGETED_DEVICE_FAMILY = "1,2";
			};
			name = Release;
		};
		C99A4C812D8CC29600DA94CF /* Debug */ = {
			isa = XCBuildConfiguration;
			buildSettings = {
				ALWAYS_SEARCH_USER_PATHS = NO;
				ASSETCATALOG_COMPILER_GENERATE_SWIFT_ASSET_SYMBOL_EXTENSIONS = YES;
				CLANG_ANALYZER_NONNULL = YES;
				CLANG_ANALYZER_NUMBER_OBJECT_CONVERSION = YES_AGGRESSIVE;
				CLANG_CXX_LANGUAGE_STANDARD = "gnu++20";
				CLANG_ENABLE_MODULES = YES;
				CLANG_ENABLE_OBJC_ARC = YES;
				CLANG_ENABLE_OBJC_WEAK = YES;
				CLANG_WARN_BLOCK_CAPTURE_AUTORELEASING = YES;
				CLANG_WARN_BOOL_CONVERSION = YES;
				CLANG_WARN_COMMA = YES;
				CLANG_WARN_CONSTANT_CONVERSION = YES;
				CLANG_WARN_DEPRECATED_OBJC_IMPLEMENTATIONS = YES;
				CLANG_WARN_DIRECT_OBJC_ISA_USAGE = YES_ERROR;
				CLANG_WARN_DOCUMENTATION_COMMENTS = YES;
				CLANG_WARN_EMPTY_BODY = YES;
				CLANG_WARN_ENUM_CONVERSION = YES;
				CLANG_WARN_INFINITE_RECURSION = YES;
				CLANG_WARN_INT_CONVERSION = YES;
				CLANG_WARN_NON_LITERAL_NULL_CONVERSION = YES;
				CLANG_WARN_OBJC_IMPLICIT_RETAIN_SELF = YES;
				CLANG_WARN_OBJC_LITERAL_CONVERSION = YES;
				CLANG_WARN_OBJC_ROOT_CLASS = YES_ERROR;
				CLANG_WARN_QUOTED_INCLUDE_IN_FRAMEWORK_HEADER = YES;
				CLANG_WARN_RANGE_LOOP_ANALYSIS = YES;
				CLANG_WARN_STRICT_PROTOTYPES = YES;
				CLANG_WARN_SUSPICIOUS_MOVE = YES;
				CLANG_WARN_UNGUARDED_AVAILABILITY = YES_AGGRESSIVE;
				CLANG_WARN_UNREACHABLE_CODE = YES;
				CLANG_WARN__DUPLICATE_METHOD_MATCH = YES;
				COPY_PHASE_STRIP = NO;
				DEBUG_INFORMATION_FORMAT = dwarf;
				ENABLE_STRICT_OBJC_MSGSEND = YES;
				ENABLE_TESTABILITY = YES;
				ENABLE_USER_SCRIPT_SANDBOXING = YES;
				GCC_C_LANGUAGE_STANDARD = gnu17;
				GCC_DYNAMIC_NO_PIC = NO;
				GCC_NO_COMMON_BLOCKS = YES;
				GCC_OPTIMIZATION_LEVEL = 0;
				GCC_PREPROCESSOR_DEFINITIONS = (
					"DEBUG=1",
					"$(inherited)",
				);
				GCC_WARN_64_TO_32_BIT_CONVERSION = YES;
				GCC_WARN_ABOUT_RETURN_TYPE = YES_ERROR;
				GCC_WARN_UNDECLARED_SELECTOR = YES;
				GCC_WARN_UNINITIALIZED_AUTOS = YES_AGGRESSIVE;
				GCC_WARN_UNUSED_FUNCTION = YES;
				GCC_WARN_UNUSED_VARIABLE = YES;
				IPHONEOS_DEPLOYMENT_TARGET = 18.2;
				LOCALIZATION_PREFERS_STRING_CATALOGS = YES;
				MTL_ENABLE_DEBUG_INFO = INCLUDE_SOURCE;
				MTL_FAST_MATH = YES;
				ONLY_ACTIVE_ARCH = YES;
				SDKROOT = iphoneos;
				SWIFT_ACTIVE_COMPILATION_CONDITIONS = "DEBUG $(inherited)";
				SWIFT_OPTIMIZATION_LEVEL = "-Onone";
			};
			name = Debug;
		};
		C99A4C822D8CC29600DA94CF /* Release */ = {
			isa = XCBuildConfiguration;
			buildSettings = {
				ALWAYS_SEARCH_USER_PATHS = NO;
				ASSETCATALOG_COMPILER_GENERATE_SWIFT_ASSET_SYMBOL_EXTENSIONS = YES;
				CLANG_ANALYZER_NONNULL = YES;
				CLANG_ANALYZER_NUMBER_OBJECT_CONVERSION = YES_AGGRESSIVE;
				CLANG_CXX_LANGUAGE_STANDARD = "gnu++20";
				CLANG_ENABLE_MODULES = YES;
				CLANG_ENABLE_OBJC_ARC = YES;
				CLANG_ENABLE_OBJC_WEAK = YES;
				CLANG_WARN_BLOCK_CAPTURE_AUTORELEASING = YES;
				CLANG_WARN_BOOL_CONVERSION = YES;
				CLANG_WARN_COMMA = YES;
				CLANG_WARN_CONSTANT_CONVERSION = YES;
				CLANG_WARN_DEPRECATED_OBJC_IMPLEMENTATIONS = YES;
				CLANG_WARN_DIRECT_OBJC_ISA_USAGE = YES_ERROR;
				CLANG_WARN_DOCUMENTATION_COMMENTS = YES;
				CLANG_WARN_EMPTY_BODY = YES;
				CLANG_WARN_ENUM_CONVERSION = YES;
				CLANG_WARN_INFINITE_RECURSION = YES;
				CLANG_WARN_INT_CONVERSION = YES;
				CLANG_WARN_NON_LITERAL_NULL_CONVERSION = YES;
				CLANG_WARN_OBJC_IMPLICIT_RETAIN_SELF = YES;
				CLANG_WARN_OBJC_LITERAL_CONVERSION = YES;
				CLANG_WARN_OBJC_ROOT_CLASS = YES_ERROR;
				CLANG_WARN_QUOTED_INCLUDE_IN_FRAMEWORK_HEADER = YES;
				CLANG_WARN_RANGE_LOOP_ANALYSIS = YES;
				CLANG_WARN_STRICT_PROTOTYPES = YES;
				CLANG_WARN_SUSPICIOUS_MOVE = YES;
				CLANG_WARN_UNGUARDED_AVAILABILITY = YES_AGGRESSIVE;
				CLANG_WARN_UNREACHABLE_CODE = YES;
				CLANG_WARN__DUPLICATE_METHOD_MATCH = YES;
				COPY_PHASE_STRIP = NO;
				DEBUG_INFORMATION_FORMAT = "dwarf-with-dsym";
				ENABLE_NS_ASSERTIONS = NO;
				ENABLE_STRICT_OBJC_MSGSEND = YES;
				ENABLE_USER_SCRIPT_SANDBOXING = YES;
				GCC_C_LANGUAGE_STANDARD = gnu17;
				GCC_NO_COMMON_BLOCKS = YES;
				GCC_WARN_64_TO_32_BIT_CONVERSION = YES;
				GCC_WARN_ABOUT_RETURN_TYPE = YES_ERROR;
				GCC_WARN_UNDECLARED_SELECTOR = YES;
				GCC_WARN_UNINITIALIZED_AUTOS = YES_AGGRESSIVE;
				GCC_WARN_UNUSED_FUNCTION = YES;
				GCC_WARN_UNUSED_VARIABLE = YES;
				IPHONEOS_DEPLOYMENT_TARGET = 18.2;
				LOCALIZATION_PREFERS_STRING_CATALOGS = YES;
				MTL_ENABLE_DEBUG_INFO = NO;
				MTL_FAST_MATH = YES;
				SDKROOT = iphoneos;
				SWIFT_COMPILATION_MODE = wholemodule;
				VALIDATE_PRODUCT = YES;
			};
			name = Release;
		};
		C99A4C842D8CC29600DA94CF /* Debug */ = {
			isa = XCBuildConfiguration;
			buildSettings = {
				BUNDLE_LOADER = "$(TEST_HOST)";
				CODE_SIGN_STYLE = Automatic;
				CURRENT_PROJECT_VERSION = 1;
				DEVELOPMENT_TEAM = M3S4J75265;
				GENERATE_INFOPLIST_FILE = YES;
				IPHONEOS_DEPLOYMENT_TARGET = 18.2;
				MARKETING_VERSION = 1.0;
				PRODUCT_BUNDLE_IDENTIFIER = com.capitan.ShoppingCart.ShoppingCartTests;
				PRODUCT_NAME = "$(TARGET_NAME)";
				SWIFT_EMIT_LOC_STRINGS = NO;
				SWIFT_VERSION = 5.0;
				TARGETED_DEVICE_FAMILY = "1,2";
				TEST_HOST = "$(BUILT_PRODUCTS_DIR)/ShoppingCart.app/$(BUNDLE_EXECUTABLE_FOLDER_PATH)/ShoppingCart";
			};
			name = Debug;
		};
		C99A4C852D8CC29600DA94CF /* Release */ = {
			isa = XCBuildConfiguration;
			buildSettings = {
				BUNDLE_LOADER = "$(TEST_HOST)";
				CODE_SIGN_STYLE = Automatic;
				CURRENT_PROJECT_VERSION = 1;
				DEVELOPMENT_TEAM = M3S4J75265;
				GENERATE_INFOPLIST_FILE = YES;
				IPHONEOS_DEPLOYMENT_TARGET = 18.2;
				MARKETING_VERSION = 1.0;
				PRODUCT_BUNDLE_IDENTIFIER = com.capitan.ShoppingCart.ShoppingCartTests;
				PRODUCT_NAME = "$(TARGET_NAME)";
				SWIFT_EMIT_LOC_STRINGS = NO;
				SWIFT_VERSION = 5.0;
				TARGETED_DEVICE_FAMILY = "1,2";
				TEST_HOST = "$(BUILT_PRODUCTS_DIR)/ShoppingCart.app/$(BUNDLE_EXECUTABLE_FOLDER_PATH)/ShoppingCart";
			};
			name = Release;
		};
		C99A4C872D8CC29600DA94CF /* Debug */ = {
			isa = XCBuildConfiguration;
			buildSettings = {
				CODE_SIGN_STYLE = Automatic;
				CURRENT_PROJECT_VERSION = 1;
				DEVELOPMENT_TEAM = M3S4J75265;
				GENERATE_INFOPLIST_FILE = YES;
				MARKETING_VERSION = 1.0;
				PRODUCT_BUNDLE_IDENTIFIER = com.capitan.ShoppingCart.ShoppingCartUITests;
				PRODUCT_NAME = "$(TARGET_NAME)";
				SWIFT_EMIT_LOC_STRINGS = NO;
				SWIFT_VERSION = 5.0;
				TARGETED_DEVICE_FAMILY = "1,2";
				TEST_TARGET_NAME = ShoppingCart;
			};
			name = Debug;
		};
		C99A4C882D8CC29600DA94CF /* Release */ = {
			isa = XCBuildConfiguration;
			buildSettings = {
				CODE_SIGN_STYLE = Automatic;
				CURRENT_PROJECT_VERSION = 1;
				DEVELOPMENT_TEAM = M3S4J75265;
				GENERATE_INFOPLIST_FILE = YES;
				MARKETING_VERSION = 1.0;
				PRODUCT_BUNDLE_IDENTIFIER = com.capitan.ShoppingCart.ShoppingCartUITests;
				PRODUCT_NAME = "$(TARGET_NAME)";
				SWIFT_EMIT_LOC_STRINGS = NO;
				SWIFT_VERSION = 5.0;
				TARGETED_DEVICE_FAMILY = "1,2";
				TEST_TARGET_NAME = ShoppingCart;
			};
			name = Release;
		};
/* End XCBuildConfiguration section */

/* Begin XCConfigurationList section */
		C99A4C502D8CC29400DA94CF /* Build configuration list for PBXProject "ShoppingCart" */ = {
			isa = XCConfigurationList;
			buildConfigurations = (
				C99A4C812D8CC29600DA94CF /* Debug */,
				C99A4C822D8CC29600DA94CF /* Release */,
			);
			defaultConfigurationIsVisible = 0;
			defaultConfigurationName = Release;
		};
		C99A4C7E2D8CC29600DA94CF /* Build configuration list for PBXNativeTarget "ShoppingCart" */ = {
			isa = XCConfigurationList;
			buildConfigurations = (
				C99A4C7F2D8CC29600DA94CF /* Debug */,
				C99A4C802D8CC29600DA94CF /* Release */,
			);
			defaultConfigurationIsVisible = 0;
			defaultConfigurationName = Release;
		};
		C99A4C832D8CC29600DA94CF /* Build configuration list for PBXNativeTarget "ShoppingCartTests" */ = {
			isa = XCConfigurationList;
			buildConfigurations = (
				C99A4C842D8CC29600DA94CF /* Debug */,
				C99A4C852D8CC29600DA94CF /* Release */,
			);
			defaultConfigurationIsVisible = 0;
			defaultConfigurationName = Release;
		};
		C99A4C862D8CC29600DA94CF /* Build configuration list for PBXNativeTarget "ShoppingCartUITests" */ = {
			isa = XCConfigurationList;
			buildConfigurations = (
				C99A4C872D8CC29600DA94CF /* Debug */,
				C99A4C882D8CC29600DA94CF /* Release */,
			);
			defaultConfigurationIsVisible = 0;
			defaultConfigurationName = Release;
		};
/* End XCConfigurationList section */

/* Begin XCRemoteSwiftPackageReference section */
		C99A4CB72D8CD10D00DA94CF /* XCRemoteSwiftPackageReference "Alamofire" */ = {
			isa = XCRemoteSwiftPackageReference;
			repositoryURL = "https://github.com/Alamofire/Alamofire.git";
			requirement = {
				kind = upToNextMajorVersion;
				minimumVersion = 5.10.2;
			};
		};
		C99A4CBC2D8CD19D00DA94CF /* XCRemoteSwiftPackageReference "SnapKit" */ = {
			isa = XCRemoteSwiftPackageReference;
			repositoryURL = "https://github.com/SnapKit/SnapKit.git";
			requirement = {
				kind = upToNextMajorVersion;
				minimumVersion = 5.7.1;
			};
		};
/* End XCRemoteSwiftPackageReference section */

/* Begin XCSwiftPackageProductDependency section */
		C99A4CB82D8CD10D00DA94CF /* Alamofire */ = {
			isa = XCSwiftPackageProductDependency;
			package = C99A4CB72D8CD10D00DA94CF /* XCRemoteSwiftPackageReference "Alamofire" */;
			productName = Alamofire;
		};
		C99A4CBD2D8CD19D00DA94CF /* SnapKit */ = {
			isa = XCSwiftPackageProductDependency;
			package = C99A4CBC2D8CD19D00DA94CF /* XCRemoteSwiftPackageReference "SnapKit" */;
			productName = SnapKit;
		};
/* End XCSwiftPackageProductDependency section */
	};
	rootObject = C99A4C4D2D8CC29400DA94CF /* Project object */;
}
